
Microsoft Visual Studio Solution File, Format Version 12.00
# Visual Studio Version 17
VisualStudioVersion = 17.2.32630.192
MinimumVisualStudioVersion = 10.0.40219.1
Project("{FAE04EC0-301F-11D3-BF4B-00C04F79EFBC}") = "FactoryPatternBonus", "FactoryPatternBonus\FactoryPatternBonus.csproj", "{32A941BD-FBDA-40EB-955D-5DD5FDFFCFEA}"
EndProject
Global
	GlobalSection(SolutionConfigurationPlatforms) = preSolution
		Debug|Any CPU = Debug|Any CPU
		Release|Any CPU = Release|Any CPU
	EndGlobalSection
	GlobalSection(ProjectConfigurationPlatforms) = postSolution
		{32A941BD-FBDA-40EB-955D-5DD5FDFFCFEA}.Debug|Any CPU.ActiveCfg = Debug|Any CPU
		{32A941BD-FBDA-40EB-955D-5DD5FDFFCFEA}.Debug|Any CPU.Build.0 = Debug|Any CPU
		{32A941BD-FBDA-40EB-955D-5DD5FDFFCFEA}.Release|Any CPU.ActiveCfg = Release|Any CPU
		{32A941BD-FBDA-40EB-955D-5DD5FDFFCFEA}.Release|Any CPU.Build.0 = Release|Any CPU
	EndGlobalSection
	GlobalSection(SolutionProperties) = preSolution
		HideSolutionNode = FALSE
	EndGlobalSection
	GlobalSection(ExtensibilityGlobals) = postSolution
		SolutionGuid = {636BC61D-79D6-4453-B8F4-47ECB9F83381}
	EndGlobalSection
EndGlobal
